// !$*UTF8*$!
{
	archiveVersion = 1;
	classes = {
	};
	objectVersion = 46;
	objects = {

/* Begin PBXBuildFile section */
		708588DD1AB3C89D0093403A /* AppDelegate.swift in Sources */ = {isa = PBXBuildFile; fileRef = 708588DC1AB3C89D0093403A /* AppDelegate.swift */; };
		708588DF1AB3C89D0093403A /* RecordSoundsViewController.swift in Sources */ = {isa = PBXBuildFile; fileRef = 708588DE1AB3C89D0093403A /* RecordSoundsViewController.swift */; };
		708588E21AB3C89D0093403A /* Main.storyboard in Resources */ = {isa = PBXBuildFile; fileRef = 708588E01AB3C89D0093403A /* Main.storyboard */; };
		708588E41AB3C89E0093403A /* Images.xcassets in Resources */ = {isa = PBXBuildFile; fileRef = 708588E31AB3C89E0093403A /* Images.xcassets */; };
		708588E71AB3C89E0093403A /* LaunchScreen.xib in Resources */ = {isa = PBXBuildFile; fileRef = 708588E51AB3C89E0093403A /* LaunchScreen.xib */; };
		708588F31AB3C89E0093403A /* Pitch_PerfectTests.swift in Sources */ = {isa = PBXBuildFile; fileRef = 708588F21AB3C89E0093403A /* Pitch_PerfectTests.swift */; };
		708588FF1ABF6DAD0093403A /* movie_quote.mp3 in Resources */ = {isa = PBXBuildFile; fileRef = 708588FE1ABF6DAD0093403A /* movie_quote.mp3 */; };
		7094FF611AC8E39A00BF8A49 /* PlaysoundsViewController.swift in Sources */ = {isa = PBXBuildFile; fileRef = 7094FF601AC8E39A00BF8A49 /* PlaysoundsViewController.swift */; };
		7094FF631ACB9FF300BF8A49 /* RecordedAudio.swift in Sources */ = {isa = PBXBuildFile; fileRef = 7094FF621ACB9FF300BF8A49 /* RecordedAudio.swift */; };
/* End PBXBuildFile section */

/* Begin PBXContainerItemProxy section */
		708588ED1AB3C89E0093403A /* PBXContainerItemProxy */ = {
			isa = PBXContainerItemProxy;
			containerPortal = 708588CF1AB3C89D0093403A /* Project object */;
			proxyType = 1;
			remoteGlobalIDString = 708588D61AB3C89D0093403A;
			remoteInfo = "Pitch Perfect";
		};
/* End PBXContainerItemProxy section */

/* Begin PBXFileReference section */
		708588D71AB3C89D0093403A /* Pitch Perfect.app */ = {isa = PBXFileReference; explicitFileType = wrapper.application; includeInIndex = 0; path = "Pitch Perfect.app"; sourceTree = BUILT_PRODUCTS_DIR; };
		708588DB1AB3C89D0093403A /* Info.plist */ = {isa = PBXFileReference; lastKnownFileType = text.plist.xml; path = Info.plist; sourceTree = "<group>"; };
		708588DC1AB3C89D0093403A /* AppDelegate.swift */ = {isa = PBXFileReference; lastKnownFileType = sourcecode.swift; path = AppDelegate.swift; sourceTree = "<group>"; };
		708588DE1AB3C89D0093403A /* RecordSoundsViewController.swift */ = {isa = PBXFileReference; lastKnownFileType = sourcecode.swift; path = RecordSoundsViewController.swift; sourceTree = "<group>"; };
		708588E11AB3C89D0093403A /* Base */ = {isa = PBXFileReference; lastKnownFileType = file.storyboard; name = Base; path = Base.lproj/Main.storyboard; sourceTree = "<group>"; };
		708588E31AB3C89E0093403A /* Images.xcassets */ = {isa = PBXFileReference; lastKnownFileType = folder.assetcatalog; path = Images.xcassets; sourceTree = "<group>"; };
		708588E61AB3C89E0093403A /* Base */ = {isa = PBXFileReference; lastKnownFileType = file.xib; name = Base; path = Base.lproj/LaunchScreen.xib; sourceTree = "<group>"; };
		708588EC1AB3C89E0093403A /* Pitch PerfectTests.xctest */ = {isa = PBXFileReference; explicitFileType = wrapper.cfbundle; includeInIndex = 0; path = "Pitch PerfectTests.xctest"; sourceTree = BUILT_PRODUCTS_DIR; };
		708588F11AB3C89E0093403A /* Info.plist */ = {isa = PBXFileReference; lastKnownFileType = text.plist.xml; path = Info.plist; sourceTree = "<group>"; };
		708588F21AB3C89E0093403A /* Pitch_PerfectTests.swift */ = {isa = PBXFileReference; lastKnownFileType = sourcecode.swift; path = Pitch_PerfectTests.swift; sourceTree = "<group>"; };
		708588FE1ABF6DAD0093403A /* movie_quote.mp3 */ = {isa = PBXFileReference; lastKnownFileType = audio.mp3; name = movie_quote.mp3; path = ../../../../../movie_quote.mp3; sourceTree = "<group>"; };
		7094FF601AC8E39A00BF8A49 /* PlaysoundsViewController.swift */ = {isa = PBXFileReference; fileEncoding = 4; lastKnownFileType = sourcecode.swift; name = PlaysoundsViewController.swift; path = ../PlaysoundsViewController.swift; sourceTree = "<group>"; };
		7094FF621ACB9FF300BF8A49 /* RecordedAudio.swift */ = {isa = PBXFileReference; fileEncoding = 4; lastKnownFileType = sourcecode.swift; path = RecordedAudio.swift; sourceTree = "<group>"; };
/* End PBXFileReference section */

/* Begin PBXFrameworksBuildPhase section */
		708588D41AB3C89D0093403A /* Frameworks */ = {
			isa = PBXFrameworksBuildPhase;
			buildActionMask = 2147483647;
			files = (
			);
			runOnlyForDeploymentPostprocessing = 0;
		};
		708588E91AB3C89E0093403A /* Frameworks */ = {
			isa = PBXFrameworksBuildPhase;
			buildActionMask = 2147483647;
			files = (
			);
			runOnlyForDeploymentPostprocessing = 0;
		};
/* End PBXFrameworksBuildPhase section */

/* Begin PBXGroup section */
		708588CE1AB3C89D0093403A = {
			isa = PBXGroup;
			children = (
				708588D91AB3C89D0093403A /* Pitch Perfect */,
				708588EF1AB3C89E0093403A /* Pitch PerfectTests */,
				708588D81AB3C89D0093403A /* Products */,
			);
			sourceTree = "<group>";
		};
		708588D81AB3C89D0093403A /* Products */ = {
			isa = PBXGroup;
			children = (
				708588D71AB3C89D0093403A /* Pitch Perfect.app */,
				708588EC1AB3C89E0093403A /* Pitch PerfectTests.xctest */,
			);
			name = Products;
			sourceTree = "<group>";
		};
		708588D91AB3C89D0093403A /* Pitch Perfect */ = {
			isa = PBXGroup;
			children = (
				708588DC1AB3C89D0093403A /* AppDelegate.swift */,
				708588DE1AB3C89D0093403A /* RecordSoundsViewController.swift */,
				708588E01AB3C89D0093403A /* Main.storyboard */,
				7094FF601AC8E39A00BF8A49 /* PlaysoundsViewController.swift */,
				7094FF621ACB9FF300BF8A49 /* RecordedAudio.swift */,
				708588E31AB3C89E0093403A /* Images.xcassets */,
				708588E51AB3C89E0093403A /* LaunchScreen.xib */,
				708588DA1AB3C89D0093403A /* Supporting Files */,
			);
			path = "Pitch Perfect";
			sourceTree = "<group>";
		};
		708588DA1AB3C89D0093403A /* Supporting Files */ = {
			isa = PBXGroup;
			children = (
				708588FE1ABF6DAD0093403A /* movie_quote.mp3 */,
				708588DB1AB3C89D0093403A /* Info.plist */,
			);
			name = "Supporting Files";
			sourceTree = "<group>";
		};
		708588EF1AB3C89E0093403A /* Pitch PerfectTests */ = {
			isa = PBXGroup;
			children = (
				708588F21AB3C89E0093403A /* Pitch_PerfectTests.swift */,
				708588F01AB3C89E0093403A /* Supporting Files */,
			);
			path = "Pitch PerfectTests";
			sourceTree = "<group>";
		};
		708588F01AB3C89E0093403A /* Supporting Files */ = {
			isa = PBXGroup;
			children = (
				708588F11AB3C89E0093403A /* Info.plist */,
			);
			name = "Supporting Files";
			sourceTree = "<group>";
		};
/* End PBXGroup section */

/* Begin PBXNativeTarget section */
		708588D61AB3C89D0093403A /* Pitch Perfect */ = {
			isa = PBXNativeTarget;
			buildConfigurationList = 708588F61AB3C89E0093403A /* Build configuration list for PBXNativeTarget "Pitch Perfect" */;
			buildPhases = (
				708588D31AB3C89D0093403A /* Sources */,
				708588D41AB3C89D0093403A /* Frameworks */,
				708588D51AB3C89D0093403A /* Resources */,
			);
			buildRules = (
			);
			dependencies = (
			);
			name = "Pitch Perfect";
			productName = "Pitch Perfect";
			productReference = 708588D71AB3C89D0093403A /* Pitch Perfect.app */;
			productType = "com.apple.product-type.application";
		};
		708588EB1AB3C89E0093403A /* Pitch PerfectTests */ = {
			isa = PBXNativeTarget;
			buildConfigurationList = 708588F91AB3C89E0093403A /* Build configuration list for PBXNativeTarget "Pitch PerfectTests" */;
			buildPhases = (
				708588E81AB3C89E0093403A /* Sources */,
				708588E91AB3C89E0093403A /* Frameworks */,
				708588EA1AB3C89E0093403A /* Resources */,
			);
			buildRules = (
			);
			dependencies = (
				708588EE1AB3C89E0093403A /* PBXTargetDependency */,
			);
			name = "Pitch PerfectTests";
			productName = "Pitch PerfectTests";
			productReference = 708588EC1AB3C89E0093403A /* Pitch PerfectTests.xctest */;
			productType = "com.apple.product-type.bundle.unit-test";
		};
/* End PBXNativeTarget section */

/* Begin PBXProject section */
		708588CF1AB3C89D0093403A /* Project object */ = {
			isa = PBXProject;
			attributes = {
				LastUpgradeCheck = 0630;
				ORGANIZATIONNAME = "Michael Yepes";
				TargetAttributes = {
					708588D61AB3C89D0093403A = {
						CreatedOnToolsVersion = 6.3;
					};
					708588EB1AB3C89E0093403A = {
						CreatedOnToolsVersion = 6.3;
						TestTargetID = 708588D61AB3C89D0093403A;
					};
				};
			};
			buildConfigurationList = 708588D21AB3C89D0093403A /* Build configuration list for PBXProject "Pitch Perfect" */;
			compatibilityVersion = "Xcode 3.2";
			developmentRegion = English;
			hasScannedForEncodings = 0;
			knownRegions = (
				en,
				Base,
			);
			mainGroup = 708588CE1AB3C89D0093403A;
			productRefGroup = 708588D81AB3C89D0093403A /* Products */;
			projectDirPath = "";
			projectRoot = "";
			targets = (
				708588D61AB3C89D0093403A /* Pitch Perfect */,
				708588EB1AB3C89E0093403A /* Pitch PerfectTests */,
			);
		};
/* End PBXProject section */

/* Begin PBXResourcesBuildPhase section */
		708588D51AB3C89D0093403A /* Resources */ = {
			isa = PBXResourcesBuildPhase;
			buildActionMask = 2147483647;
			files = (
				708588E21AB3C89D0093403A /* Main.storyboard in Resources */,
				708588E71AB3C89E0093403A /* LaunchScreen.xib in Resources */,
				708588FF1ABF6DAD0093403A /* movie_quote.mp3 in Resources */,
				708588E41AB3C89E0093403A /* Images.xcassets in Resources */,
			);
			runOnlyForDeploymentPostprocessing = 0;
		};
		708588EA1AB3C89E0093403A /* Resources */ = {
			isa = PBXResourcesBuildPhase;
			buildActionMask = 2147483647;
			files = (
			);
			runOnlyForDeploymentPostprocessing = 0;
		};
/* End PBXResourcesBuildPhase section */

/* Begin PBXSourcesBuildPhase section */
		708588D31AB3C89D0093403A /* Sources */ = {
			isa = PBXSourcesBuildPhase;
			buildActionMask = 2147483647;
			files = (
				708588DF1AB3C89D0093403A /* RecordSoundsViewController.swift in Sources */,
				7094FF611AC8E39A00BF8A49 /* PlaysoundsViewController.swift in Sources */,
				708588DD1AB3C89D0093403A /* AppDelegate.swift in Sources */,
				7094FF631ACB9FF300BF8A49 /* RecordedAudio.swift in Sources */,
			);
			runOnlyForDeploymentPostprocessing = 0;
		};
		708588E81AB3C89E0093403A /* Sources */ = {
			isa = PBXSourcesBuildPhase;
			buildActionMask = 2147483647;
			files = (
				708588F31AB3C89E0093403A /* Pitch_PerfectTests.swift in Sources */,
			);
			runOnlyForDeploymentPostprocessing = 0;
		};
/* End PBXSourcesBuildPhase section */

/* Begin PBXTargetDependency section */
		708588EE1AB3C89E0093403A /* PBXTargetDependency */ = {
			isa = PBXTargetDependency;
			target = 708588D61AB3C89D0093403A /* Pitch Perfect */;
			targetProxy = 708588ED1AB3C89E0093403A /* PBXContainerItemProxy */;
		};
/* End PBXTargetDependency section */

/* Begin PBXVariantGroup section */
		708588E01AB3C89D0093403A /* Main.storyboard */ = {
			isa = PBXVariantGroup;
			children = (
				708588E11AB3C89D0093403A /* Base */,
			);
			name = Main.storyboard;
			sourceTree = "<group>";
		};
		708588E51AB3C89E0093403A /* LaunchScreen.xib */ = {
			isa = PBXVariantGroup;
			children = (
				708588E61AB3C89E0093403A /* Base */,
			);
			name = LaunchScreen.xib;
			sourceTree = "<group>";
		};
/* End PBXVariantGroup section */

/* Begin XCBuildConfiguration section */
		708588F41AB3C89E0093403A /* Debug */ = {
			isa = XCBuildConfiguration;
			buildSettings = {
				ALWAYS_SEARCH_USER_PATHS = NO;
				CLANG_CXX_LANGUAGE_STANDARD = "gnu++0x";
				CLANG_CXX_LIBRARY = "libc++";
				CLANG_ENABLE_MODULES = YES;
				CLANG_ENABLE_OBJC_ARC = YES;
				CLANG_WARN_BOOL_CONVERSION = YES;
				CLANG_WARN_CONSTANT_CONVERSION = YES;
				CLANG_WARN_DIRECT_OBJC_ISA_USAGE = YES_ERROR;
				CLANG_WARN_EMPTY_BODY = YES;
				CLANG_WARN_ENUM_CONVERSION = YES;
				CLANG_WARN_INT_CONVERSION = YES;
				CLANG_WARN_OBJC_ROOT_CLASS = YES_ERROR;
				CLANG_WARN_UNREACHABLE_CODE = YES;
				CLANG_WARN__DUPLICATE_METHOD_MATCH = YES;
				"CODE_SIGN_IDENTITY[sdk=iphoneos*]" = "iPhone Developer";
				COPY_PHASE_STRIP = NO;
				DEBUG_INFORMATION_FORMAT = dwarf;
				ENABLE_STRICT_OBJC_MSGSEND = YES;
				GCC_C_LANGUAGE_STANDARD = gnu99;
				GCC_DYNAMIC_NO_PIC = NO;
				GCC_NO_COMMON_BLOCKS = YES;
				GCC_OPTIMIZATION_LEVEL = 0;
				GCC_PREPROCESSOR_DEFINITIONS = (
					"DEBUG=1",
					"$(inherited)",
				);
				GCC_SYMBOLS_PRIVATE_EXTERN = NO;
				GCC_WARN_64_TO_32_BIT_CONVERSION = YES;
				GCC_WARN_ABOUT_RETURN_TYPE = YES_ERROR;
				GCC_WARN_UNDECLARED_SELECTOR = YES;
				GCC_WARN_UNINITIALIZED_AUTOS = YES_AGGRESSIVE;
				GCC_WARN_UNUSED_FUNCTION = YES;
				GCC_WARN_UNUSED_VARIABLE = YES;
				IPHONEOS_DEPLOYMENT_TARGET = 8.3;
				MTL_ENABLE_DEBUG_INFO = YES;
				ONLY_ACTIVE_ARCH = YES;
				SDKROOT = iphoneos;
				SWIFT_OPTIMIZATION_LEVEL = "-Onone";
			};
			name = Debug;
		};
		708588F51AB3C89E0093403A /* Release */ = {
			isa = XCBuildConfiguration;
			buildSettings = {
				ALWAYS_SEARCH_USER_PATHS = NO;
				CLANG_CXX_LANGUAGE_STANDARD = "gnu++0x";
				CLANG_CXX_LIBRARY = "libc++";
				CLANG_ENABLE_MODULES = YES;
				CLANG_ENABLE_OBJC_ARC = YES;
				CLANG_WARN_BOOL_CONVERSION = YES;
				CLANG_WARN_CONSTANT_CONVERSION = YES;
				CLANG_WARN_DIRECT_OBJC_ISA_USAGE = YES_ERROR;
				CLANG_WARN_EMPTY_BODY = YES;
				CLANG_WARN_ENUM_CONVERSION = YES;
				CLANG_WARN_INT_CONVERSION = YES;
				CLANG_WARN_OBJC_ROOT_CLASS = YES_ERROR;
				CLANG_WARN_UNREACHABLE_CODE = YES;
				CLANG_WARN__DUPLICATE_METHOD_MATCH = YES;
				"CODE_SIGN_IDENTITY[sdk=iphoneos*]" = "iPhone Developer";
				COPY_PHASE_STRIP = NO;
				DEBUG_INFORMATION_FORMAT = "dwarf-with-dsym";
				ENABLE_NS_ASSERTIONS = NO;
				ENABLE_STRICT_OBJC_MSGSEND = YES;
				GCC_C_LANGUAGE_STANDARD = gnu99;
				GCC_NO_COMMON_BLOCKS = YES;
				GCC_WARN_64_TO_32_BIT_CONVERSION = YES;
				GCC_WARN_ABOUT_RETURN_TYPE = YES_ERROR;
				GCC_WARN_UNDECLARED_SELECTOR = YES;
				GCC_WARN_UNINITIALIZED_AUTOS = YES_AGGRESSIVE;
				GCC_WARN_UNUSED_FUNCTION = YES;
				GCC_WARN_UNUSED_VARIABLE = YES;
				IPHONEOS_DEPLOYMENT_TARGET = 8.3;
				MTL_ENABLE_DEBUG_INFO = NO;
				SDKROOT = iphoneos;
				VALIDATE_PRODUCT = YES;
			};
			name = Release;
		};
		708588F71AB3C89E0093403A /* Debug */ = {
			isa = XCBuildConfiguration;
			buildSettings = {
				ASSETCATALOG_COMPILER_APPICON_NAME = AppIcon;
				INFOPLIST_FILE = "Pitch Perfect/Info.plist";
				LD_RUNPATH_SEARCH_PATHS = "$(inherited) @executable_path/Frameworks";
				PRODUCT_NAME = "$(TARGET_NAME)";
			};
			name = Debug;
		};
		708588F81AB3C89E0093403A /* Release */ = {
			isa = XCBuildConfiguration;
			buildSettings = {
				ASSETCATALOG_COMPILER_APPICON_NAME = AppIcon;
				INFOPLIST_FILE = "Pitch Perfect/Info.plist";
				LD_RUNPATH_SEARCH_PATHS = "$(inherited) @executable_path/Frameworks";
				PRODUCT_NAME = "$(TARGET_NAME)";
			};
			name = Release;
		};
		708588FA1AB3C89E0093403A /* Debug */ = {
			isa = XCBuildConfiguration;
			buildSettings = {
				BUNDLE_LOADER = "$(TEST_HOST)";
				FRAMEWORK_SEARCH_PATHS = (
					"$(SDKROOT)/Developer/Library/Frameworks",
					"$(inherited)",
				);
				GCC_PREPROCESSOR_DEFINITIONS = (
					"DEBUG=1",
					"$(inherited)",
				);
				INFOPLIST_FILE = "Pitch PerfectTests/Info.plist";
				LD_RUNPATH_SEARCH_PATHS = "$(inherited) @executable_path/Frameworks @loader_path/Frameworks";
				PRODUCT_NAME = "$(TARGET_NAME)";
				TEST_HOST = "$(BUILT_PRODUCTS_DIR)/Pitch Perfect.app/Pitch Perfect";
			};
			name = Debug;
		};
		708588FB1AB3C89E0093403A /* Release */ = {
			isa = XCBuildConfiguration;
			buildSettings = {
				BUNDLE_LOADER = "$(TEST_HOST)";
				FRAMEWORK_SEARCH_PATHS = (
					"$(SDKROOT)/Developer/Library/Frameworks",
					"$(inherited)",
				);
				INFOPLIST_FILE = "Pitch PerfectTests/Info.plist";
				LD_RUNPATH_SEARCH_PATHS = "$(inherited) @executable_path/Frameworks @loader_path/Frameworks";
				PRODUCT_NAME = "$(TARGET_NAME)";
				TEST_HOST = "$(BUILT_PRODUCTS_DIR)/Pitch Perfect.app/Pitch Perfect";
			};
			name = Release;
		};
/* End XCBuildConfiguration section */

/* Begin XCConfigurationList section */
		708588D21AB3C89D0093403A /* Build configuration list for PBXProject "Pitch Perfect" */ = {
			isa = XCConfigurationList;
			buildConfigurations = (
				708588F41AB3C89E0093403A /* Debug */,
				708588F51AB3C89E0093403A /* Release */,
			);
			defaultConfigurationIsVisible = 0;
			defaultConfigurationName = Release;
		};
		708588F61AB3C89E0093403A /* Build configuration list for PBXNativeTarget "Pitch Perfect" */ = {
			isa = XCConfigurationList;
			buildConfigurations = (
				708588F71AB3C89E0093403A /* Debug */,
				708588F81AB3C89E0093403A /* Release */,
			);
			defaultConfigurationIsVisible = 0;
			defaultConfigurationName = Release;
		};
		708588F91AB3C89E0093403A /* Build configuration list for PBXNativeTarget "Pitch PerfectTests" */ = {
			isa = XCConfigurationList;
			buildConfigurations = (
				708588FA1AB3C89E0093403A /* Debug */,
				708588FB1AB3C89E0093403A /* Release */,
			);
			defaultConfigurationIsVisible = 0;
			defaultConfigurationName = Release;
		};
/* End XCConfigurationList section */
	};
	rootObject = 708588CF1AB3C89D0093403A /* Project object */;
}
